
Microsoft Visual Studio Solution File, Format Version 12.00
# Visual Studio Version 16
VisualStudioVersion = 16.0.28803.352
MinimumVisualStudioVersion = 10.0.40219.1
Project("{FAE04EC0-301F-11D3-BF4B-00C04F79EFBC}") = "Ninject.Extensions.MissingBindingLogger", "Ninject.Extensions.MissingBindingLogger\Ninject.Extensions.MissingBindingLogger.csproj", "{CF1374F9-5168-4219-AB39-D1EC691C08DC}"
EndProject
Project("{FAE04EC0-301F-11D3-BF4B-00C04F79EFBC}") = "NuGetPackage", "NuGetPackage\NuGetPackage.csproj", "{0451BAEF-DF2E-4B98-8644-94EE9415E389}"
	ProjectSection(ProjectDependencies) = postProject
		{CF1374F9-5168-4219-AB39-D1EC691C08DC} = {CF1374F9-5168-4219-AB39-D1EC691C08DC}
	EndProjectSection
EndProject
Project("{FAE04EC0-301F-11D3-BF4B-00C04F79EFBC}") = "Ninject.Extensions.MissingBindingLogger.Tests", "Ninject.Extensions.MissingBindingLogger.Tests\Ninject.Extensions.MissingBindingLogger.Tests.csproj", "{43BF2D49-AD44-408B-AF26-3385EE2040F2}"
EndProject
Global
	GlobalSection(SolutionConfigurationPlatforms) = preSolution
		Debug|Any CPU = Debug|Any CPU
		Release|Any CPU = Release|Any CPU
	EndGlobalSection
	GlobalSection(ProjectConfigurationPlatforms) = postSolution
		{CF1374F9-5168-4219-AB39-D1EC691C08DC}.Debug|Any CPU.ActiveCfg = Debug|Any CPU
		{CF1374F9-5168-4219-AB39-D1EC691C08DC}.Debug|Any CPU.Build.0 = Debug|Any CPU
		{CF1374F9-5168-4219-AB39-D1EC691C08DC}.Release|Any CPU.ActiveCfg = Release|Any CPU
		{CF1374F9-5168-4219-AB39-D1EC691C08DC}.Release|Any CPU.Build.0 = Release|Any CPU
		{0451BAEF-DF2E-4B98-8644-94EE9415E389}.Debug|Any CPU.ActiveCfg = Debug|Any CPU
		{0451BAEF-DF2E-4B98-8644-94EE9415E389}.Release|Any CPU.ActiveCfg = Release|Any CPU
		{43BF2D49-AD44-408B-AF26-3385EE2040F2}.Debug|Any CPU.ActiveCfg = Debug|Any CPU
		{43BF2D49-AD44-408B-AF26-3385EE2040F2}.Debug|Any CPU.Build.0 = Debug|Any CPU
		{43BF2D49-AD44-408B-AF26-3385EE2040F2}.Release|Any CPU.ActiveCfg = Release|Any CPU
		{43BF2D49-AD44-408B-AF26-3385EE2040F2}.Release|Any CPU.Build.0 = Release|Any CPU
	EndGlobalSection
	GlobalSection(SolutionProperties) = preSolution
		HideSolutionNode = FALSE
	EndGlobalSection
	GlobalSection(ExtensibilityGlobals) = postSolution
		SolutionGuid = {3C9504AD-6B87-4B35-A9AF-D32846E44186}
	EndGlobalSection
EndGlobal
